[{<<"cowboy">>,
  {git,"https://github.com/ninenines/cowboy.git",
       {ref,"72d5f6c01204ad6b2f0acffcded9417c944b6b6c"}},
  0},
 {<<"cowlib">>,
  {git,"https://github.com/ninenines/cowlib",
       {ref,"d33876eddd3062f3f748e4879b0efe3990afdc73"}},
  1},
 {<<"eqwalizer_support">>,
  {git_subdir,"https://github.com/whatsapp/erlang-language-platform.git",
              {ref,"a3959ae6b580a1388a0bc64401d89c2c0c30f784"},
              "eqwalizer/eqwalizer_support"},
  0},
 {<<"erlydtl">>,
  {git,"https://github.com/erlydtl/erlydtl.git",
       {ref,"aae414692b6052e96d890e03bbeeeca0f4dc01c2"}},
  1},
 {<<"jsx">>,
  {git,"https://github.com/talentdeficit/jsx.git",
       {ref,"bb9b3e570a7efe331eed0900c3a5188043a850d7"}},
  1},
 {<<"ranch">>,
  {git,"https://github.com/ninenines/ranch",
       {ref,"10b51304b26062e0dbfd5e74824324e9a911e269"}},
  1}].
