[{<<"ecli">>,
  {git,"https://github.com/mgmtd/ecli.git",
       {ref,"771a3de765361747df15c67d1d7de54722acba46"}},
  0},
 {<<"jsx">>,
  {git,"https://github.com/talentdeficit/jsx.git",
       {ref,"3074d4865b3385a050badf7828ad31490d860df5"}},
  1},
 {<<"mgmtd">>,
  {git,"https://github.com/mgmtd/mgmtd.git",
       {ref,"c03bcaecc02b28c32ba1d28d55801c97ed376b93"}},
  0}].
