[{<<"ecli">>,
  {git,"https://github.com/mgmtd/ecli.git",
       {ref,"9f218acf680bb5263049b469651e93fbb2906e2c"}},
  0},
 {<<"jsx">>,
  {git,"https://github.com/talentdeficit/jsx.git",
       {ref,"3074d4865b3385a050badf7828ad31490d860df5"}},
  1},
 {<<"mgmtd">>,
  {git,"https://github.com/mgmtd/mgmtd.git",
       {ref,"46f5e2e6c0663cf37369233319f2392b69909b40"}},
  0}].
